
Microsoft Visual Studio Solution File, Format Version 12.00
# Visual Studio 15
VisualStudioVersion = 15.0.28307.1401
MinimumVisualStudioVersion = 10.0.40219.1
Project("{8BC9CEB8-8B4A-11D0-8D11-00A0C91BC942}") = "gameoverv2", "gameoverv2\gameoverv2.vcxproj", "{547404F6-2CED-4C51-A25A-B5671F8A606B}"
EndProject
Project("{8BC9CEB8-8B4A-11D0-8D11-00A0C91BC942}") = "gameoverv2.1", "gameoverv2.1\gameoverv2.1.vcxproj", "{C91C8C36-3BA2-408B-A772-797615E6F89C}"
EndProject
Project("{8BC9CEB8-8B4A-11D0-8D11-00A0C91BC942}") = "gameoverv2.2", "gameoverv2.2\gameoverv2.2.vcxproj", "{46B37E80-75AF-408B-8D15-8A6A8F955C12}"
EndProject
Global
	GlobalSection(SolutionConfigurationPlatforms) = preSolution
		Debug|x64 = Debug|x64
		Debug|x86 = Debug|x86
		Release|x64 = Release|x64
		Release|x86 = Release|x86
	EndGlobalSection
	GlobalSection(ProjectConfigurationPlatforms) = postSolution
		{547404F6-2CED-4C51-A25A-B5671F8A606B}.Debug|x64.ActiveCfg = Debug|x64
		{547404F6-2CED-4C51-A25A-B5671F8A606B}.Debug|x64.Build.0 = Debug|x64
		{547404F6-2CED-4C51-A25A-B5671F8A606B}.Debug|x86.ActiveCfg = Debug|Win32
		{547404F6-2CED-4C51-A25A-B5671F8A606B}.Debug|x86.Build.0 = Debug|Win32
		{547404F6-2CED-4C51-A25A-B5671F8A606B}.Release|x64.ActiveCfg = Release|x64
		{547404F6-2CED-4C51-A25A-B5671F8A606B}.Release|x64.Build.0 = Release|x64
		{547404F6-2CED-4C51-A25A-B5671F8A606B}.Release|x86.ActiveCfg = Release|Win32
		{547404F6-2CED-4C51-A25A-B5671F8A606B}.Release|x86.Build.0 = Release|Win32
		{C91C8C36-3BA2-408B-A772-797615E6F89C}.Debug|x64.ActiveCfg = Debug|x64
		{C91C8C36-3BA2-408B-A772-797615E6F89C}.Debug|x64.Build.0 = Debug|x64
		{C91C8C36-3BA2-408B-A772-797615E6F89C}.Debug|x86.ActiveCfg = Debug|Win32
		{C91C8C36-3BA2-408B-A772-797615E6F89C}.Debug|x86.Build.0 = Debug|Win32
		{C91C8C36-3BA2-408B-A772-797615E6F89C}.Release|x64.ActiveCfg = Release|x64
		{C91C8C36-3BA2-408B-A772-797615E6F89C}.Release|x64.Build.0 = Release|x64
		{C91C8C36-3BA2-408B-A772-797615E6F89C}.Release|x86.ActiveCfg = Release|Win32
		{C91C8C36-3BA2-408B-A772-797615E6F89C}.Release|x86.Build.0 = Release|Win32
		{46B37E80-75AF-408B-8D15-8A6A8F955C12}.Debug|x64.ActiveCfg = Debug|x64
		{46B37E80-75AF-408B-8D15-8A6A8F955C12}.Debug|x64.Build.0 = Debug|x64
		{46B37E80-75AF-408B-8D15-8A6A8F955C12}.Debug|x86.ActiveCfg = Debug|Win32
		{46B37E80-75AF-408B-8D15-8A6A8F955C12}.Debug|x86.Build.0 = Debug|Win32
		{46B37E80-75AF-408B-8D15-8A6A8F955C12}.Release|x64.ActiveCfg = Release|x64
		{46B37E80-75AF-408B-8D15-8A6A8F955C12}.Release|x64.Build.0 = Release|x64
		{46B37E80-75AF-408B-8D15-8A6A8F955C12}.Release|x86.ActiveCfg = Release|Win32
		{46B37E80-75AF-408B-8D15-8A6A8F955C12}.Release|x86.Build.0 = Release|Win32
	EndGlobalSection
	GlobalSection(SolutionProperties) = preSolution
		HideSolutionNode = FALSE
	EndGlobalSection
	GlobalSection(ExtensibilityGlobals) = postSolution
		SolutionGuid = {47D77AA9-13F4-40D1-82A8-A7CE047A6265}
	EndGlobalSection
EndGlobal
